// !$*UTF8*$!
{
	archiveVersion = 1;
	classes = {
	};
	objectVersion = 46;
	objects = {

/* Begin PBXBuildFile section */
		0503ADAF205D42510017ACEA /* CNTokenStream.swift in Sources */ = {isa = PBXBuildFile; fileRef = 0503ADAE205D42510017ACEA /* CNTokenStream.swift */; };
		05067D9C203DD0D20025A616 /* CNEditLineCore.h in Headers */ = {isa = PBXBuildFile; fileRef = 05C08D7E203B1AD700685938 /* CNEditLineCore.h */; };
		0509C3A11ED10446009D8A6A /* CNFile.swift in Sources */ = {isa = PBXBuildFile; fileRef = 0509C3A01ED10446009D8A6A /* CNFile.swift */; };
		050EA5491EE35F5600961900 /* CNPathExpression.swift in Sources */ = {isa = PBXBuildFile; fileRef = 050EA5481EE35F5600961900 /* CNPathExpression.swift */; };
		051850751F5BC9BE00906BF4 /* CNAccess.swift in Sources */ = {isa = PBXBuildFile; fileRef = 051850741F5BC9BE00906BF4 /* CNAccess.swift */; };
		051C21641E7C3F2900A629DB /* CNObjectNotation.swift in Sources */ = {isa = PBXBuildFile; fileRef = 051C21631E7C3F2900A629DB /* CNObjectNotation.swift */; };
		0521AF5A1E82A1F000E25D02 /* CNToken.swift in Sources */ = {isa = PBXBuildFile; fileRef = 0521AF591E82A1F000E25D02 /* CNToken.swift */; };
		052201801F1992CF00009C37 /* CNNodeTable.swift in Sources */ = {isa = PBXBuildFile; fileRef = 0522017F1F1992CF00009C37 /* CNNodeTable.swift */; };
		0522756D1FDC21F400A33CD8 /* CNPropertyList.swift in Sources */ = {isa = PBXBuildFile; fileRef = 0522756C1FDC21F400A33CD8 /* CNPropertyList.swift */; };
		0522ED3D1FAB708C00D6B24D /* CNConnection.swift in Sources */ = {isa = PBXBuildFile; fileRef = 0522ED3C1FAB708C00D6B24D /* CNConnection.swift */; };
		052330F61C7CB00000585F94 /* CNStateObserver.swift in Sources */ = {isa = PBXBuildFile; fileRef = 052330F51C7CB00000585F94 /* CNStateObserver.swift */; };
		0525C944204C43600058CCBF /* CNPipe.swift in Sources */ = {isa = PBXBuildFile; fileRef = 0525C943204C43600058CCBF /* CNPipe.swift */; };
		052C98C41F47DAFB00658DF4 /* CNCommandLine.swift in Sources */ = {isa = PBXBuildFile; fileRef = 052C98C31F47DAFB00658DF4 /* CNCommandLine.swift */; };
		052C98CA1F483A2B00658DF4 /* CNValueUtil.swift in Sources */ = {isa = PBXBuildFile; fileRef = 052C98C91F483A2B00658DF4 /* CNValueUtil.swift */; };
		0530517C202E760E00920DAE /* UTJSONMatcher.swift in Sources */ = {isa = PBXBuildFile; fileRef = 0530517B202E760E00920DAE /* UTJSONMatcher.swift */; };
		05318A6B1C74D25B00BAA730 /* CNState.swift in Sources */ = {isa = PBXBuildFile; fileRef = 05318A6A1C74D25B00BAA730 /* CNState.swift */; };
		05318A6D1C74D2B800BAA730 /* CNCombinedState.swift in Sources */ = {isa = PBXBuildFile; fileRef = 05318A6C1C74D2B800BAA730 /* CNCombinedState.swift */; };
		0537376B203C79D80003CAC3 /* UTEditLine.swift in Sources */ = {isa = PBXBuildFile; fileRef = 0537376A203C79D80003CAC3 /* UTEditLine.swift */; };
		05377BD51CF8A7300083E05C /* CNListItem.swift in Sources */ = {isa = PBXBuildFile; fileRef = 05377BD41CF8A7300083E05C /* CNListItem.swift */; };
		05377BD71CF8B5E80083E05C /* CNList.swift in Sources */ = {isa = PBXBuildFile; fileRef = 05377BD61CF8B5E80083E05C /* CNList.swift */; };
		053807B41C441E6B0021BC51 /* CNBookmark.swift in Sources */ = {isa = PBXBuildFile; fileRef = 053807B31C441E6B0021BC51 /* CNBookmark.swift */; };
		0539FF3D1FF68E970063BE88 /* UTJSONFile.swift in Sources */ = {isa = PBXBuildFile; fileRef = 0539FF3C1FF68E970063BE88 /* UTJSONFile.swift */; };
		053AFE821C3EB4DD00F64198 /* CNFileURL.swift in Sources */ = {isa = PBXBuildFile; fileRef = 053AFE811C3EB4DD00F64198 /* CNFileURL.swift */; };
		054324001EDA3DE4006BF839 /* CNValueTable.swift in Sources */ = {isa = PBXBuildFile; fileRef = 054323FF1EDA3DE4006BF839 /* CNValueTable.swift */; };
		0544A4CE205537BF0018CBBE /* CNFileManager.swift in Sources */ = {isa = PBXBuildFile; fileRef = 0544A4CD205537BF0018CBBE /* CNFileManager.swift */; };
		0544A4D220554B720018CBBE /* UTFileManager.swift in Sources */ = {isa = PBXBuildFile; fileRef = 0544A4D120554B720018CBBE /* UTFileManager.swift */; };
		054BD3A31C4B9BBC009713BB /* CNFilePath.swift in Sources */ = {isa = PBXBuildFile; fileRef = 054BD3A21C4B9BBC009713BB /* CNFilePath.swift */; };
		054EED311E7FD58A003C1F57 /* CNObjectCoder.swift in Sources */ = {isa = PBXBuildFile; fileRef = 054EED301E7FD58A003C1F57 /* CNObjectCoder.swift */; };
		054EED331E7FED27003C1F57 /* CNCharacter.swift in Sources */ = {isa = PBXBuildFile; fileRef = 054EED321E7FED27003C1F57 /* CNCharacter.swift */; };
		055FBACA200A4029002161A7 /* CNCurses.swift in Sources */ = {isa = PBXBuildFile; fileRef = 055FBAC9200A4029002161A7 /* CNCurses.swift */; };
		05658E2D1F0AA8C8002FF2B7 /* CNStack.swift in Sources */ = {isa = PBXBuildFile; fileRef = 05658E2C1F0AA8C8002FF2B7 /* CNStack.swift */; };
		057A42AE1C3D6BB7006A48E6 /* Canary.h in Headers */ = {isa = PBXBuildFile; fileRef = 057A42AD1C3D6BB7006A48E6 /* Canary.h */; settings = {ATTRIBUTES = (Public, ); }; };
		057A721A1F0FDBA800F1243E /* CNNode.swift in Sources */ = {isa = PBXBuildFile; fileRef = 057A72191F0FDBA800F1243E /* CNNode.swift */; };
		057A721C1F0FDC0600F1243E /* CNGraph.swift in Sources */ = {isa = PBXBuildFile; fileRef = 057A721B1F0FDC0600F1243E /* CNGraph.swift */; };
		057A721E1F0FDC3700F1243E /* CNEdge.swift in Sources */ = {isa = PBXBuildFile; fileRef = 057A721D1F0FDC3700F1243E /* CNEdge.swift */; };
		057FBF8E200DD6FF002CEF61 /* CNColor.swift in Sources */ = {isa = PBXBuildFile; fileRef = 057FBF8D200DD6FF002CEF61 /* CNColor.swift */; };
		058203F11CF7527C006BCEDF /* CNOrderedList.swift in Sources */ = {isa = PBXBuildFile; fileRef = 058203F01CF7527C006BCEDF /* CNOrderedList.swift */; };
		058290951D040BE600255FC2 /* CNTristate.swift in Sources */ = {isa = PBXBuildFile; fileRef = 058290941D040BE600255FC2 /* CNTristate.swift */; };
		058550A420255A0300988C97 /* CNAuthorize.swift in Sources */ = {isa = PBXBuildFile; fileRef = 058550A320255A0300988C97 /* CNAuthorize.swift */; };
		0589806E1FEBEEF5001DA642 /* Canary.framework in CopyFiles */ = {isa = PBXBuildFile; fileRef = 0589806D1FEBEEF5001DA642 /* Canary.framework */; settings = {ATTRIBUTES = (CodeSignOnCopy, RemoveHeadersOnCopy, ); }; };
		058980771FEBF121001DA642 /* main.swift in Sources */ = {isa = PBXBuildFile; fileRef = 058980761FEBF121001DA642 /* main.swift */; };
		058980921FEBF251001DA642 /* UTToken.swift in Sources */ = {isa = PBXBuildFile; fileRef = 0589807D1FEBF250001DA642 /* UTToken.swift */; };
		058980931FEBF251001DA642 /* UTMath.swift in Sources */ = {isa = PBXBuildFile; fileRef = 0589807E1FEBF250001DA642 /* UTMath.swift */; };
		058980941FEBF251001DA642 /* UTFileURL.swift in Sources */ = {isa = PBXBuildFile; fileRef = 0589807F1FEBF250001DA642 /* UTFileURL.swift */; };
		058980951FEBF251001DA642 /* UTNumber.swift in Sources */ = {isa = PBXBuildFile; fileRef = 058980801FEBF250001DA642 /* UTNumber.swift */; };
		058980961FEBF251001DA642 /* UTValueTable.swift in Sources */ = {isa = PBXBuildFile; fileRef = 058980811FEBF250001DA642 /* UTValueTable.swift */; };
		058980971FEBF251001DA642 /* UTConsole.swift in Sources */ = {isa = PBXBuildFile; fileRef = 058980821FEBF250001DA642 /* UTConsole.swift */; };
		058980981FEBF251001DA642 /* UTFile.swift in Sources */ = {isa = PBXBuildFile; fileRef = 058980831FEBF250001DA642 /* UTFile.swift */; };
		058980991FEBF251001DA642 /* UTStream.swift in Sources */ = {isa = PBXBuildFile; fileRef = 058980841FEBF251001DA642 /* UTStream.swift */; };
		0589809A1FEBF251001DA642 /* UTShell.swift in Sources */ = {isa = PBXBuildFile; fileRef = 058980851FEBF251001DA642 /* UTShell.swift */; };
		0589809B1FEBF251001DA642 /* UTGraph.swift in Sources */ = {isa = PBXBuildFile; fileRef = 058980861FEBF251001DA642 /* UTGraph.swift */; };
		0589809C1FEBF251001DA642 /* UTPropertyList.swift in Sources */ = {isa = PBXBuildFile; fileRef = 058980871FEBF251001DA642 /* UTPropertyList.swift */; };
		0589809D1FEBF251001DA642 /* UTObjectCoder.swift in Sources */ = {isa = PBXBuildFile; fileRef = 058980881FEBF251001DA642 /* UTObjectCoder.swift */; };
		0589809E1FEBF251001DA642 /* UTCommandLine.swift in Sources */ = {isa = PBXBuildFile; fileRef = 058980891FEBF251001DA642 /* UTCommandLine.swift */; };
		0589809F1FEBF251001DA642 /* UTCharacter.swift in Sources */ = {isa = PBXBuildFile; fileRef = 0589808A1FEBF251001DA642 /* UTCharacter.swift */; };
		058980A01FEBF251001DA642 /* UTStack.swift in Sources */ = {isa = PBXBuildFile; fileRef = 0589808B1FEBF251001DA642 /* UTStack.swift */; };
		058980A11FEBF251001DA642 /* UTObjectNotation.swift in Sources */ = {isa = PBXBuildFile; fileRef = 0589808C1FEBF251001DA642 /* UTObjectNotation.swift */; };
		058980A21FEBF251001DA642 /* UTValue.swift in Sources */ = {isa = PBXBuildFile; fileRef = 0589808D1FEBF251001DA642 /* UTValue.swift */; };
		058980A31FEBF251001DA642 /* UTText.swift in Sources */ = {isa = PBXBuildFile; fileRef = 0589808E1FEBF251001DA642 /* UTText.swift */; };
		058980A41FEBF251001DA642 /* UTState.swift in Sources */ = {isa = PBXBuildFile; fileRef = 0589808F1FEBF251001DA642 /* UTState.swift */; };
		058980A51FEBF251001DA642 /* UTTristate.swift in Sources */ = {isa = PBXBuildFile; fileRef = 058980901FEBF251001DA642 /* UTTristate.swift */; };
		058980A61FEBF251001DA642 /* UTList.swift in Sources */ = {isa = PBXBuildFile; fileRef = 058980911FEBF251001DA642 /* UTList.swift */; };
		058BA6162003A843006A10C0 /* CNJSONUtil.swift in Sources */ = {isa = PBXBuildFile; fileRef = 058BA6152003A842006A10C0 /* CNJSONUtil.swift */; };
		059206581D6161BE008CE72E /* CNListItemPoll.swift in Sources */ = {isa = PBXBuildFile; fileRef = 059206571D6161BE008CE72E /* CNListItemPoll.swift */; };
		05971ED01FAE056F00F7CF47 /* CNArrayStream.swift in Sources */ = {isa = PBXBuildFile; fileRef = 05971ECF1FAE056F00F7CF47 /* CNArrayStream.swift */; };
		05999874205026DD00F5CD2A /* CNStringUtil.swift in Sources */ = {isa = PBXBuildFile; fileRef = 05999873205026DD00F5CD2A /* CNStringUtil.swift */; };
		059998772050328E00F5CD2A /* UTString.swift in Sources */ = {isa = PBXBuildFile; fileRef = 059998752050328700F5CD2A /* UTString.swift */; };
		059FAF9D204D990100088A45 /* UTPipe.swift in Sources */ = {isa = PBXBuildFile; fileRef = 059FAF9C204D990100088A45 /* UTPipe.swift */; };
		05A4583F202DD34500941E72 /* CNJSONVisitor.swift in Sources */ = {isa = PBXBuildFile; fileRef = 05A4583E202DD34500941E72 /* CNJSONVisitor.swift */; };
		05A45841202DEED300941E72 /* CNJSONMatcher.swift in Sources */ = {isa = PBXBuildFile; fileRef = 05A45840202DEED300941E72 /* CNJSONMatcher.swift */; };
		05AA59E31ED886060028E1D9 /* CNVisitor.swift in Sources */ = {isa = PBXBuildFile; fileRef = 05AA59E21ED886060028E1D9 /* CNVisitor.swift */; };
		05AC2C172028A25E0007063B /* CNAddressBook.swift in Sources */ = {isa = PBXBuildFile; fileRef = 05AC2C162028A25E0007063B /* CNAddressBook.swift */; };
		05AD3A1A1D67D75700B033EF /* CNNumber.swift in Sources */ = {isa = PBXBuildFile; fileRef = 05AD3A191D67D75700B033EF /* CNNumber.swift */; };
		05AF23522012E8E800682DD7 /* CNKey.swift in Sources */ = {isa = PBXBuildFile; fileRef = 05AF23512012E8E800682DD7 /* CNKey.swift */; };
		05B115A72031C08A00A1ED5E /* CNJSONObject.swift in Sources */ = {isa = PBXBuildFile; fileRef = 05B115A62031C08A00A1ED5E /* CNJSONObject.swift */; };
		05B7E1311D81B89A005775DD /* CNMath.swift in Sources */ = {isa = PBXBuildFile; fileRef = 05B7E1301D81B89A005775DD /* CNMath.swift */; };
		05B9E9CD1F26485C0098A060 /* CNThread.swift in Sources */ = {isa = PBXBuildFile; fileRef = 05B9E9CC1F26485C0098A060 /* CNThread.swift */; };
		05BD1B401EC35C1000B32E1C /* CNText.swift in Sources */ = {isa = PBXBuildFile; fileRef = 05BD1B3F1EC35C1000B32E1C /* CNText.swift */; };
		05C08D81203B1AD700685938 /* CNEditLineCore.m in Sources */ = {isa = PBXBuildFile; fileRef = 05C08D7F203B1AD700685938 /* CNEditLineCore.m */; };
		05C08D83203B1CC300685938 /* CNEditLine.swift in Sources */ = {isa = PBXBuildFile; fileRef = 05C08D82203B1CC300685938 /* CNEditLine.swift */; };
		05C15D9E1E9FC8C4008093C5 /* CNParser.swift in Sources */ = {isa = PBXBuildFile; fileRef = 05C15D9D1E9FC8C4008093C5 /* CNParser.swift */; };
		05C1B8671F42C6EE0089A554 /* CNShell.swift in Sources */ = {isa = PBXBuildFile; fileRef = 05C1B8661F42C6EE0089A554 /* CNShell.swift */; };
		05C7AE0B1EA09BC600BEF71D /* CNReservedWord.swift in Sources */ = {isa = PBXBuildFile; fileRef = 05C7AE0A1EA09BC600BEF71D /* CNReservedWord.swift */; };
		05C90E831F4DEDD400C996D9 /* CNStringStream.swift in Sources */ = {isa = PBXBuildFile; fileRef = 05C90E821F4DEDD400C996D9 /* CNStringStream.swift */; };
		05D21FA91C49CAC90078C6DE /* CNJSONFile.swift in Sources */ = {isa = PBXBuildFile; fileRef = 05D21FA81C49CAC90078C6DE /* CNJSONFile.swift */; };
		05D2774620090AEC0008FA6D /* CNReadLine.swift in Sources */ = {isa = PBXBuildFile; fileRef = 05D2774520090AEC0008FA6D /* CNReadLine.swift */; };
		05D553861C49D9890045B472 /* CNConsole.swift in Sources */ = {isa = PBXBuildFile; fileRef = 05D553851C49D9890045B472 /* CNConsole.swift */; };
		05DD7C2020304A500041F5A2 /* CNJSONGrep.swift in Sources */ = {isa = PBXBuildFile; fileRef = 05DD7C1F20304A500041F5A2 /* CNJSONGrep.swift */; };
		05EE15BC1F104BF10025FF6B /* CNObjectReference.swift in Sources */ = {isa = PBXBuildFile; fileRef = 05EE15BB1F104BF10025FF6B /* CNObjectReference.swift */; };
		05EE15BE1F104BFB0025FF6B /* CNObject.swift in Sources */ = {isa = PBXBuildFile; fileRef = 05EE15BD1F104BFB0025FF6B /* CNObject.swift */; };
		05EE15C21F10E36F0025FF6B /* CNGraphDumper.swift in Sources */ = {isa = PBXBuildFile; fileRef = 05EE15C11F10E36F0025FF6B /* CNGraphDumper.swift */; };
		05EF66021C40AB470019B4BB /* CNErrorExtension.swift in Sources */ = {isa = PBXBuildFile; fileRef = 05EF66011C40AB470019B4BB /* CNErrorExtension.swift */; };
		05F1F08A1E67366600792828 /* CNValue.swift in Sources */ = {isa = PBXBuildFile; fileRef = 05F1F0891E67366600792828 /* CNValue.swift */; };
		05FEDEFB2082FB7F00DAA303 /* CNExitCode.swift in Sources */ = {isa = PBXBuildFile; fileRef = 05FEDEFA2082FB7F00DAA303 /* CNExitCode.swift */; };
/* End PBXBuildFile section */

/* Begin PBXContainerItemProxy section */
		0539FF431FF696550063BE88 /* PBXContainerItemProxy */ = {
			isa = PBXContainerItemProxy;
			containerPortal = 057A42A11C3D6BB7006A48E6 /* Project object */;
			proxyType = 1;
			remoteGlobalIDString = 058980731FEBF121001DA642;
			remoteInfo = UnitTest;
		};
		058980681FEBEEA8001DA642 /* PBXContainerItemProxy */ = {
			isa = PBXContainerItemProxy;
			containerPortal = 057A42A11C3D6BB7006A48E6 /* Project object */;
			proxyType = 1;
			remoteGlobalIDString = 05CC078F1C3D738800EF188D;
			remoteInfo = Install;
		};
		0589807B1FEBF161001DA642 /* PBXContainerItemProxy */ = {
			isa = PBXContainerItemProxy;
			containerPortal = 057A42A11C3D6BB7006A48E6 /* Project object */;
			proxyType = 1;
			remoteGlobalIDString = 058980611FEBEE9D001DA642;
			remoteInfo = UnitTestBundle;
		};
		05CC07931C3D739100EF188D /* PBXContainerItemProxy */ = {
			isa = PBXContainerItemProxy;
			containerPortal = 057A42A11C3D6BB7006A48E6 /* Project object */;
			proxyType = 1;
			remoteGlobalIDString = 057A42A91C3D6BB7006A48E6;
			remoteInfo = Canary;
		};
/* End PBXContainerItemProxy section */

/* Begin PBXCopyFilesBuildPhase section */
		0589806C1FEBEED7001DA642 /* CopyFiles */ = {
			isa = PBXCopyFilesBuildPhase;
			buildActionMask = 2147483647;
			dstPath = "";
			dstSubfolderSpec = 10;
			files = (
				0589806E1FEBEEF5001DA642 /* Canary.framework in CopyFiles */,
			);
			runOnlyForDeploymentPostprocessing = 0;
		};
		058980721FEBF121001DA642 /* CopyFiles */ = {
			isa = PBXCopyFilesBuildPhase;
			buildActionMask = 2147483647;
			dstPath = /usr/share/man/man1/;
			dstSubfolderSpec = 0;
			files = (
			);
			runOnlyForDeploymentPostprocessing = 1;
		};
/* End PBXCopyFilesBuildPhase section */

/* Begin PBXFileReference section */
		0503ADAE205D42510017ACEA /* CNTokenStream.swift */ = {isa = PBXFileReference; lastKnownFileType = sourcecode.swift; path = CNTokenStream.swift; sourceTree = "<group>"; };
		0509C3A01ED10446009D8A6A /* CNFile.swift */ = {isa = PBXFileReference; fileEncoding = 4; lastKnownFileType = sourcecode.swift; path = CNFile.swift; sourceTree = "<group>"; };
		050EA5481EE35F5600961900 /* CNPathExpression.swift */ = {isa = PBXFileReference; fileEncoding = 4; lastKnownFileType = sourcecode.swift; path = CNPathExpression.swift; sourceTree = "<group>"; };
		051850741F5BC9BE00906BF4 /* CNAccess.swift */ = {isa = PBXFileReference; fileEncoding = 4; lastKnownFileType = sourcecode.swift; path = CNAccess.swift; sourceTree = "<group>"; };
		051C21631E7C3F2900A629DB /* CNObjectNotation.swift */ = {isa = PBXFileReference; fileEncoding = 4; lastKnownFileType = sourcecode.swift; path = CNObjectNotation.swift; sourceTree = "<group>"; };
		0521AF591E82A1F000E25D02 /* CNToken.swift */ = {isa = PBXFileReference; fileEncoding = 4; lastKnownFileType = sourcecode.swift; path = CNToken.swift; sourceTree = "<group>"; };
		0522017F1F1992CF00009C37 /* CNNodeTable.swift */ = {isa = PBXFileReference; fileEncoding = 4; lastKnownFileType = sourcecode.swift; path = CNNodeTable.swift; sourceTree = "<group>"; };
		0522756C1FDC21F400A33CD8 /* CNPropertyList.swift */ = {isa = PBXFileReference; lastKnownFileType = sourcecode.swift; path = CNPropertyList.swift; sourceTree = "<group>"; };
		0522ED3C1FAB708C00D6B24D /* CNConnection.swift */ = {isa = PBXFileReference; lastKnownFileType = sourcecode.swift; path = CNConnection.swift; sourceTree = "<group>"; };
		052330F51C7CB00000585F94 /* CNStateObserver.swift */ = {isa = PBXFileReference; fileEncoding = 4; lastKnownFileType = sourcecode.swift; path = CNStateObserver.swift; sourceTree = "<group>"; };
		0525C943204C43600058CCBF /* CNPipe.swift */ = {isa = PBXFileReference; lastKnownFileType = sourcecode.swift; path = CNPipe.swift; sourceTree = "<group>"; };
		052C98C31F47DAFB00658DF4 /* CNCommandLine.swift */ = {isa = PBXFileReference; fileEncoding = 4; lastKnownFileType = sourcecode.swift; path = CNCommandLine.swift; sourceTree = "<group>"; };
		052C98C91F483A2B00658DF4 /* CNValueUtil.swift */ = {isa = PBXFileReference; fileEncoding = 4; lastKnownFileType = sourcecode.swift; path = CNValueUtil.swift; sourceTree = "<group>"; };
		0530517B202E760E00920DAE /* UTJSONMatcher.swift */ = {isa = PBXFileReference; lastKnownFileType = sourcecode.swift; path = UTJSONMatcher.swift; sourceTree = "<group>"; };
		05318A6A1C74D25B00BAA730 /* CNState.swift */ = {isa = PBXFileReference; fileEncoding = 4; lastKnownFileType = sourcecode.swift; path = CNState.swift; sourceTree = "<group>"; };
		05318A6C1C74D2B800BAA730 /* CNCombinedState.swift */ = {isa = PBXFileReference; fileEncoding = 4; lastKnownFileType = sourcecode.swift; path = CNCombinedState.swift; sourceTree = "<group>"; };
		0537376A203C79D80003CAC3 /* UTEditLine.swift */ = {isa = PBXFileReference; lastKnownFileType = sourcecode.swift; path = UTEditLine.swift; sourceTree = "<group>"; };
		05377BD41CF8A7300083E05C /* CNListItem.swift */ = {isa = PBXFileReference; fileEncoding = 4; lastKnownFileType = sourcecode.swift; path = CNListItem.swift; sourceTree = "<group>"; };
		05377BD61CF8B5E80083E05C /* CNList.swift */ = {isa = PBXFileReference; fileEncoding = 4; lastKnownFileType = sourcecode.swift; path = CNList.swift; sourceTree = "<group>"; };
		053807B31C441E6B0021BC51 /* CNBookmark.swift */ = {isa = PBXFileReference; fileEncoding = 4; lastKnownFileType = sourcecode.swift; path = CNBookmark.swift; sourceTree = "<group>"; };
		0539FF3C1FF68E970063BE88 /* UTJSONFile.swift */ = {isa = PBXFileReference; lastKnownFileType = sourcecode.swift; path = UTJSONFile.swift; sourceTree = "<group>"; };
		053AFE811C3EB4DD00F64198 /* CNFileURL.swift */ = {isa = PBXFileReference; fileEncoding = 4; lastKnownFileType = sourcecode.swift; path = CNFileURL.swift; sourceTree = "<group>"; };
		054323FF1EDA3DE4006BF839 /* CNValueTable.swift */ = {isa = PBXFileReference; fileEncoding = 4; lastKnownFileType = sourcecode.swift; path = CNValueTable.swift; sourceTree = "<group>"; };
		0544A4CD205537BF0018CBBE /* CNFileManager.swift */ = {isa = PBXFileReference; lastKnownFileType = sourcecode.swift; path = CNFileManager.swift; sourceTree = "<group>"; };
		0544A4D120554B720018CBBE /* UTFileManager.swift */ = {isa = PBXFileReference; lastKnownFileType = sourcecode.swift; path = UTFileManager.swift; sourceTree = "<group>"; };
		054BD3A21C4B9BBC009713BB /* CNFilePath.swift */ = {isa = PBXFileReference; fileEncoding = 4; lastKnownFileType = sourcecode.swift; path = CNFilePath.swift; sourceTree = "<group>"; };
		054EED301E7FD58A003C1F57 /* CNObjectCoder.swift */ = {isa = PBXFileReference; fileEncoding = 4; lastKnownFileType = sourcecode.swift; path = CNObjectCoder.swift; sourceTree = "<group>"; };
		054EED321E7FED27003C1F57 /* CNCharacter.swift */ = {isa = PBXFileReference; fileEncoding = 4; lastKnownFileType = sourcecode.swift; path = CNCharacter.swift; sourceTree = "<group>"; };
		055FBAC9200A4029002161A7 /* CNCurses.swift */ = {isa = PBXFileReference; lastKnownFileType = sourcecode.swift; path = CNCurses.swift; sourceTree = "<group>"; };
		05658E2C1F0AA8C8002FF2B7 /* CNStack.swift */ = {isa = PBXFileReference; fileEncoding = 4; lastKnownFileType = sourcecode.swift; path = CNStack.swift; sourceTree = "<group>"; };
		057A42AA1C3D6BB7006A48E6 /* Canary.framework */ = {isa = PBXFileReference; explicitFileType = wrapper.framework; includeInIndex = 0; path = Canary.framework; sourceTree = BUILT_PRODUCTS_DIR; };
		057A42AD1C3D6BB7006A48E6 /* Canary.h */ = {isa = PBXFileReference; lastKnownFileType = sourcecode.c.h; path = Canary.h; sourceTree = "<group>"; };
		057A72191F0FDBA800F1243E /* CNNode.swift */ = {isa = PBXFileReference; fileEncoding = 4; lastKnownFileType = sourcecode.swift; path = CNNode.swift; sourceTree = "<group>"; };
		057A721B1F0FDC0600F1243E /* CNGraph.swift */ = {isa = PBXFileReference; fileEncoding = 4; lastKnownFileType = sourcecode.swift; path = CNGraph.swift; sourceTree = "<group>"; };
		057A721D1F0FDC3700F1243E /* CNEdge.swift */ = {isa = PBXFileReference; fileEncoding = 4; lastKnownFileType = sourcecode.swift; path = CNEdge.swift; sourceTree = "<group>"; };
		057FBF8D200DD6FF002CEF61 /* CNColor.swift */ = {isa = PBXFileReference; lastKnownFileType = sourcecode.swift; path = CNColor.swift; sourceTree = "<group>"; };
		058203F01CF7527C006BCEDF /* CNOrderedList.swift */ = {isa = PBXFileReference; fileEncoding = 4; lastKnownFileType = sourcecode.swift; path = CNOrderedList.swift; sourceTree = "<group>"; };
		058290941D040BE600255FC2 /* CNTristate.swift */ = {isa = PBXFileReference; fileEncoding = 4; lastKnownFileType = sourcecode.swift; path = CNTristate.swift; sourceTree = "<group>"; };
		058550A320255A0300988C97 /* CNAuthorize.swift */ = {isa = PBXFileReference; lastKnownFileType = sourcecode.swift; path = CNAuthorize.swift; sourceTree = "<group>"; };
		058980621FEBEE9D001DA642 /* UnitTest.bundle */ = {isa = PBXFileReference; explicitFileType = wrapper.cfbundle; includeInIndex = 0; path = UnitTest.bundle; sourceTree = BUILT_PRODUCTS_DIR; };
		058980641FEBEE9D001DA642 /* Info.plist */ = {isa = PBXFileReference; lastKnownFileType = text.plist.xml; name = Info.plist; path = ../UnitTest/UnitTestBundle/Info.plist; sourceTree = SOURCE_ROOT; };
		0589806D1FEBEEF5001DA642 /* Canary.framework */ = {isa = PBXFileReference; lastKnownFileType = wrapper.framework; name = Canary.framework; path = ../../../Library/Frameworks/Canary.framework; sourceTree = "<group>"; };
		058980741FEBF121001DA642 /* UnitTest */ = {isa = PBXFileReference; explicitFileType = "compiled.mach-o.executable"; includeInIndex = 0; path = UnitTest; sourceTree = BUILT_PRODUCTS_DIR; };
		058980761FEBF121001DA642 /* main.swift */ = {isa = PBXFileReference; lastKnownFileType = sourcecode.swift; path = main.swift; sourceTree = "<group>"; };
		0589807D1FEBF250001DA642 /* UTToken.swift */ = {isa = PBXFileReference; fileEncoding = 4; lastKnownFileType = sourcecode.swift; path = UTToken.swift; sourceTree = "<group>"; };
		0589807E1FEBF250001DA642 /* UTMath.swift */ = {isa = PBXFileReference; fileEncoding = 4; lastKnownFileType = sourcecode.swift; path = UTMath.swift; sourceTree = "<group>"; };
		0589807F1FEBF250001DA642 /* UTFileURL.swift */ = {isa = PBXFileReference; fileEncoding = 4; lastKnownFileType = sourcecode.swift; path = UTFileURL.swift; sourceTree = "<group>"; };
		058980801FEBF250001DA642 /* UTNumber.swift */ = {isa = PBXFileReference; fileEncoding = 4; lastKnownFileType = sourcecode.swift; path = UTNumber.swift; sourceTree = "<group>"; };
		058980811FEBF250001DA642 /* UTValueTable.swift */ = {isa = PBXFileReference; fileEncoding = 4; lastKnownFileType = sourcecode.swift; path = UTValueTable.swift; sourceTree = "<group>"; };
		058980821FEBF250001DA642 /* UTConsole.swift */ = {isa = PBXFileReference; fileEncoding = 4; lastKnownFileType = sourcecode.swift; path = UTConsole.swift; sourceTree = "<group>"; };
		058980831FEBF250001DA642 /* UTFile.swift */ = {isa = PBXFileReference; fileEncoding = 4; lastKnownFileType = sourcecode.swift; path = UTFile.swift; sourceTree = "<group>"; };
		058980841FEBF251001DA642 /* UTStream.swift */ = {isa = PBXFileReference; fileEncoding = 4; lastKnownFileType = sourcecode.swift; path = UTStream.swift; sourceTree = "<group>"; };
		058980851FEBF251001DA642 /* UTShell.swift */ = {isa = PBXFileReference; fileEncoding = 4; lastKnownFileType = sourcecode.swift; path = UTShell.swift; sourceTree = "<group>"; };
		058980861FEBF251001DA642 /* UTGraph.swift */ = {isa = PBXFileReference; fileEncoding = 4; lastKnownFileType = sourcecode.swift; path = UTGraph.swift; sourceTree = "<group>"; };
		058980871FEBF251001DA642 /* UTPropertyList.swift */ = {isa = PBXFileReference; fileEncoding = 4; lastKnownFileType = sourcecode.swift; path = UTPropertyList.swift; sourceTree = "<group>"; };
		058980881FEBF251001DA642 /* UTObjectCoder.swift */ = {isa = PBXFileReference; fileEncoding = 4; lastKnownFileType = sourcecode.swift; path = UTObjectCoder.swift; sourceTree = "<group>"; };
		058980891FEBF251001DA642 /* UTCommandLine.swift */ = {isa = PBXFileReference; fileEncoding = 4; lastKnownFileType = sourcecode.swift; path = UTCommandLine.swift; sourceTree = "<group>"; };
		0589808A1FEBF251001DA642 /* UTCharacter.swift */ = {isa = PBXFileReference; fileEncoding = 4; lastKnownFileType = sourcecode.swift; path = UTCharacter.swift; sourceTree = "<group>"; };
		0589808B1FEBF251001DA642 /* UTStack.swift */ = {isa = PBXFileReference; fileEncoding = 4; lastKnownFileType = sourcecode.swift; path = UTStack.swift; sourceTree = "<group>"; };
		0589808C1FEBF251001DA642 /* UTObjectNotation.swift */ = {isa = PBXFileReference; fileEncoding = 4; lastKnownFileType = sourcecode.swift; path = UTObjectNotation.swift; sourceTree = "<group>"; };
		0589808D1FEBF251001DA642 /* UTValue.swift */ = {isa = PBXFileReference; fileEncoding = 4; lastKnownFileType = sourcecode.swift; path = UTValue.swift; sourceTree = "<group>"; };
		0589808E1FEBF251001DA642 /* UTText.swift */ = {isa = PBXFileReference; fileEncoding = 4; lastKnownFileType = sourcecode.swift; path = UTText.swift; sourceTree = "<group>"; };
		0589808F1FEBF251001DA642 /* UTState.swift */ = {isa = PBXFileReference; fileEncoding = 4; lastKnownFileType = sourcecode.swift; path = UTState.swift; sourceTree = "<group>"; };
		058980901FEBF251001DA642 /* UTTristate.swift */ = {isa = PBXFileReference; fileEncoding = 4; lastKnownFileType = sourcecode.swift; path = UTTristate.swift; sourceTree = "<group>"; };
		058980911FEBF251001DA642 /* UTList.swift */ = {isa = PBXFileReference; fileEncoding = 4; lastKnownFileType = sourcecode.swift; path = UTList.swift; sourceTree = "<group>"; };
		058BA6152003A842006A10C0 /* CNJSONUtil.swift */ = {isa = PBXFileReference; fileEncoding = 4; lastKnownFileType = sourcecode.swift; path = CNJSONUtil.swift; sourceTree = "<group>"; };
		059206571D6161BE008CE72E /* CNListItemPoll.swift */ = {isa = PBXFileReference; fileEncoding = 4; lastKnownFileType = sourcecode.swift; path = CNListItemPoll.swift; sourceTree = "<group>"; };
		05971ECF1FAE056F00F7CF47 /* CNArrayStream.swift */ = {isa = PBXFileReference; lastKnownFileType = sourcecode.swift; path = CNArrayStream.swift; sourceTree = "<group>"; };
		05999873205026DD00F5CD2A /* CNStringUtil.swift */ = {isa = PBXFileReference; lastKnownFileType = sourcecode.swift; path = CNStringUtil.swift; sourceTree = "<group>"; };
		059998752050328700F5CD2A /* UTString.swift */ = {isa = PBXFileReference; lastKnownFileType = sourcecode.swift; path = UTString.swift; sourceTree = "<group>"; };
		059FAF9C204D990100088A45 /* UTPipe.swift */ = {isa = PBXFileReference; lastKnownFileType = sourcecode.swift; path = UTPipe.swift; sourceTree = "<group>"; };
		05A4583E202DD34500941E72 /* CNJSONVisitor.swift */ = {isa = PBXFileReference; lastKnownFileType = sourcecode.swift; path = CNJSONVisitor.swift; sourceTree = "<group>"; };
		05A45840202DEED300941E72 /* CNJSONMatcher.swift */ = {isa = PBXFileReference; lastKnownFileType = sourcecode.swift; path = CNJSONMatcher.swift; sourceTree = "<group>"; };
		05AA59E21ED886060028E1D9 /* CNVisitor.swift */ = {isa = PBXFileReference; fileEncoding = 4; lastKnownFileType = sourcecode.swift; path = CNVisitor.swift; sourceTree = "<group>"; };
		05AC2C162028A25E0007063B /* CNAddressBook.swift */ = {isa = PBXFileReference; lastKnownFileType = sourcecode.swift; path = CNAddressBook.swift; sourceTree = "<group>"; };
		05AD3A191D67D75700B033EF /* CNNumber.swift */ = {isa = PBXFileReference; fileEncoding = 4; lastKnownFileType = sourcecode.swift; path = CNNumber.swift; sourceTree = "<group>"; };
		05AF23512012E8E800682DD7 /* CNKey.swift */ = {isa = PBXFileReference; lastKnownFileType = sourcecode.swift; path = CNKey.swift; sourceTree = "<group>"; };
		05B115A62031C08A00A1ED5E /* CNJSONObject.swift */ = {isa = PBXFileReference; fileEncoding = 4; lastKnownFileType = sourcecode.swift; path = CNJSONObject.swift; sourceTree = "<group>"; };
		05B7E1301D81B89A005775DD /* CNMath.swift */ = {isa = PBXFileReference; fileEncoding = 4; lastKnownFileType = sourcecode.swift; path = CNMath.swift; sourceTree = "<group>"; };
		05B9E9CC1F26485C0098A060 /* CNThread.swift */ = {isa = PBXFileReference; fileEncoding = 4; lastKnownFileType = sourcecode.swift; path = CNThread.swift; sourceTree = "<group>"; };
		05BD1B3F1EC35C1000B32E1C /* CNText.swift */ = {isa = PBXFileReference; fileEncoding = 4; lastKnownFileType = sourcecode.swift; path = CNText.swift; sourceTree = "<group>"; };
		05C08D7E203B1AD700685938 /* CNEditLineCore.h */ = {isa = PBXFileReference; lastKnownFileType = sourcecode.c.h; path = CNEditLineCore.h; sourceTree = "<group>"; };
		05C08D7F203B1AD700685938 /* CNEditLineCore.m */ = {isa = PBXFileReference; lastKnownFileType = sourcecode.c.objc; path = CNEditLineCore.m; sourceTree = "<group>"; };
		05C08D82203B1CC300685938 /* CNEditLine.swift */ = {isa = PBXFileReference; lastKnownFileType = sourcecode.swift; path = CNEditLine.swift; sourceTree = "<group>"; };
		05C15D9D1E9FC8C4008093C5 /* CNParser.swift */ = {isa = PBXFileReference; fileEncoding = 4; lastKnownFileType = sourcecode.swift; path = CNParser.swift; sourceTree = "<group>"; };
		05C1B8661F42C6EE0089A554 /* CNShell.swift */ = {isa = PBXFileReference; fileEncoding = 4; lastKnownFileType = sourcecode.swift; path = CNShell.swift; sourceTree = "<group>"; };
		05C7AE0A1EA09BC600BEF71D /* CNReservedWord.swift */ = {isa = PBXFileReference; fileEncoding = 4; lastKnownFileType = sourcecode.swift; path = CNReservedWord.swift; sourceTree = "<group>"; };
		05C90E821F4DEDD400C996D9 /* CNStringStream.swift */ = {isa = PBXFileReference; fileEncoding = 4; lastKnownFileType = sourcecode.swift; path = CNStringStream.swift; sourceTree = "<group>"; };
		05D21FA81C49CAC90078C6DE /* CNJSONFile.swift */ = {isa = PBXFileReference; fileEncoding = 4; lastKnownFileType = sourcecode.swift; path = CNJSONFile.swift; sourceTree = "<group>"; };
		05D2774520090AEC0008FA6D /* CNReadLine.swift */ = {isa = PBXFileReference; lastKnownFileType = sourcecode.swift; path = CNReadLine.swift; sourceTree = "<group>"; };
		05D553851C49D9890045B472 /* CNConsole.swift */ = {isa = PBXFileReference; fileEncoding = 4; lastKnownFileType = sourcecode.swift; path = CNConsole.swift; sourceTree = "<group>"; };
		05DD7C1F20304A500041F5A2 /* CNJSONGrep.swift */ = {isa = PBXFileReference; lastKnownFileType = sourcecode.swift; path = CNJSONGrep.swift; sourceTree = "<group>"; };
		05EE15BB1F104BF10025FF6B /* CNObjectReference.swift */ = {isa = PBXFileReference; fileEncoding = 4; lastKnownFileType = sourcecode.swift; path = CNObjectReference.swift; sourceTree = "<group>"; };
		05EE15BD1F104BFB0025FF6B /* CNObject.swift */ = {isa = PBXFileReference; fileEncoding = 4; lastKnownFileType = sourcecode.swift; path = CNObject.swift; sourceTree = "<group>"; };
		05EE15C11F10E36F0025FF6B /* CNGraphDumper.swift */ = {isa = PBXFileReference; fileEncoding = 4; lastKnownFileType = sourcecode.swift; path = CNGraphDumper.swift; sourceTree = "<group>"; };
		05EF66011C40AB470019B4BB /* CNErrorExtension.swift */ = {isa = PBXFileReference; fileEncoding = 4; lastKnownFileType = sourcecode.swift; path = CNErrorExtension.swift; sourceTree = "<group>"; };
		05F1F0891E67366600792828 /* CNValue.swift */ = {isa = PBXFileReference; fileEncoding = 4; lastKnownFileType = sourcecode.swift; path = CNValue.swift; sourceTree = "<group>"; };
		05FEDEFA2082FB7F00DAA303 /* CNExitCode.swift */ = {isa = PBXFileReference; lastKnownFileType = sourcecode.swift; path = CNExitCode.swift; sourceTree = "<group>"; };
/* End PBXFileReference section */

/* Begin PBXFrameworksBuildPhase section */
		057A42A61C3D6BB7006A48E6 /* Frameworks */ = {
			isa = PBXFrameworksBuildPhase;
			buildActionMask = 2147483647;
			files = (
			);
			runOnlyForDeploymentPostprocessing = 0;
		};
		0589805F1FEBEE9D001DA642 /* Frameworks */ = {
			isa = PBXFrameworksBuildPhase;
			buildActionMask = 2147483647;
			files = (
			);
			runOnlyForDeploymentPostprocessing = 0;
		};
		058980711FEBF121001DA642 /* Frameworks */ = {
			isa = PBXFrameworksBuildPhase;
			buildActionMask = 2147483647;
			files = (
			);
			runOnlyForDeploymentPostprocessing = 0;
		};
/* End PBXFrameworksBuildPhase section */

/* Begin PBXGroup section */
		05042A3E1C3D764800E7DA7A /* File */ = {
			isa = PBXGroup;
			children = (
				053AFE811C3EB4DD00F64198 /* CNFileURL.swift */,
				054BD3A21C4B9BBC009713BB /* CNFilePath.swift */,
				0544A4CD205537BF0018CBBE /* CNFileManager.swift */,
				0509C3A01ED10446009D8A6A /* CNFile.swift */,
				0525C943204C43600058CCBF /* CNPipe.swift */,
				051850741F5BC9BE00906BF4 /* CNAccess.swift */,
				05D21FA81C49CAC90078C6DE /* CNJSONFile.swift */,
				053807B31C441E6B0021BC51 /* CNBookmark.swift */,
			);
			name = File;
			sourceTree = "<group>";
		};
		0522756B1FDC21C900A33CD8 /* Application */ = {
			isa = PBXGroup;
			children = (
				0522756C1FDC21F400A33CD8 /* CNPropertyList.swift */,
			);
			name = Application;
			sourceTree = "<group>";
		};
		052C98C21F47D97300658DF4 /* Commandline */ = {
			isa = PBXGroup;
			children = (
				052C98C31F47DAFB00658DF4 /* CNCommandLine.swift */,
			);
			name = Commandline;
			sourceTree = "<group>";
		};
		05318A691C74D24300BAA730 /* State */ = {
			isa = PBXGroup;
			children = (
				058290941D040BE600255FC2 /* CNTristate.swift */,
				05318A6A1C74D25B00BAA730 /* CNState.swift */,
				05318A6C1C74D2B800BAA730 /* CNCombinedState.swift */,
				052330F51C7CB00000585F94 /* CNStateObserver.swift */,
			);
			name = State;
			sourceTree = "<group>";
		};
		0539FF3E1FF691090063BE88 /* Sample */ = {
			isa = PBXGroup;
			children = (
			);
			name = Sample;
			path = ../UnitTest/Sample;
			sourceTree = "<group>";
		};
		057A42A01C3D6BB7006A48E6 = {
			isa = PBXGroup;
			children = (
				0589806D1FEBEEF5001DA642 /* Canary.framework */,
				057A42AC1C3D6BB7006A48E6 /* Source */,
				058980631FEBEE9D001DA642 /* UnitTestBundle */,
				058980751FEBF121001DA642 /* UnitTest */,
				0539FF3E1FF691090063BE88 /* Sample */,
				057A42AB1C3D6BB7006A48E6 /* Products */,
			);
			sourceTree = "<group>";
		};
		057A42AB1C3D6BB7006A48E6 /* Products */ = {
			isa = PBXGroup;
			children = (
				057A42AA1C3D6BB7006A48E6 /* Canary.framework */,
				058980621FEBEE9D001DA642 /* UnitTest.bundle */,
				058980741FEBF121001DA642 /* UnitTest */,
			);
			name = Products;
			sourceTree = "<group>";
		};
		057A42AC1C3D6BB7006A48E6 /* Source */ = {
			isa = PBXGroup;
			children = (
				057A42AD1C3D6BB7006A48E6 /* Canary.h */,
				0522756B1FDC21C900A33CD8 /* Application */,
				05EE15C31F1112DC0025FF6B /* Object */,
				05B9E9CB1F2648380098A060 /* Thread */,
				05AD3A181D67D72F00B033EF /* Data */,
				059D95FE1CF1DCE200006FC9 /* List */,
				057A72181F0FDB8200F1243E /* Graph */,
				05EF66001C40AB370019B4BB /* Error */,
				05042A3E1C3D764800E7DA7A /* File */,
				058550A2202559C700988C97 /* Database */,
				05D553841C49D96D0045B472 /* Terminal */,
				05C15D9C1E9FC884008093C5 /* Parser */,
				059473371E9E4E1C003582EB /* ObjectNotation */,
				05318A691C74D24300BAA730 /* State */,
				05F1F0881E67360800792828 /* Value */,
				052C98C21F47D97300658DF4 /* Commandline */,
				05C1B8651F42C6920089A554 /* Shell */,
			);
			name = Source;
			path = ../Source;
			sourceTree = SOURCE_ROOT;
		};
		057A72181F0FDB8200F1243E /* Graph */ = {
			isa = PBXGroup;
			children = (
				057A721B1F0FDC0600F1243E /* CNGraph.swift */,
				05EE15C11F10E36F0025FF6B /* CNGraphDumper.swift */,
				057A72191F0FDBA800F1243E /* CNNode.swift */,
				0522017F1F1992CF00009C37 /* CNNodeTable.swift */,
				057A721D1F0FDC3700F1243E /* CNEdge.swift */,
			);
			name = Graph;
			sourceTree = "<group>";
		};
		058550A2202559C700988C97 /* Database */ = {
			isa = PBXGroup;
			children = (
				058550A320255A0300988C97 /* CNAuthorize.swift */,
				05AC2C162028A25E0007063B /* CNAddressBook.swift */,
			);
			name = Database;
			sourceTree = "<group>";
		};
		058980631FEBEE9D001DA642 /* UnitTestBundle */ = {
			isa = PBXGroup;
			children = (
				058980641FEBEE9D001DA642 /* Info.plist */,
			);
			name = UnitTestBundle;
			path = ../UnitTest/UnitTestBundle;
			sourceTree = SOURCE_ROOT;
		};
		058980751FEBF121001DA642 /* UnitTest */ = {
			isa = PBXGroup;
			children = (
				0589808A1FEBF251001DA642 /* UTCharacter.swift */,
				059998752050328700F5CD2A /* UTString.swift */,
				058980891FEBF251001DA642 /* UTCommandLine.swift */,
				058980821FEBF250001DA642 /* UTConsole.swift */,
				058980831FEBF250001DA642 /* UTFile.swift */,
				0544A4D120554B720018CBBE /* UTFileManager.swift */,
				059FAF9C204D990100088A45 /* UTPipe.swift */,
				0589807F1FEBF250001DA642 /* UTFileURL.swift */,
				0537376A203C79D80003CAC3 /* UTEditLine.swift */,
				058980861FEBF251001DA642 /* UTGraph.swift */,
				058980911FEBF251001DA642 /* UTList.swift */,
				0589807E1FEBF250001DA642 /* UTMath.swift */,
				058980801FEBF250001DA642 /* UTNumber.swift */,
				058980881FEBF251001DA642 /* UTObjectCoder.swift */,
				0589808C1FEBF251001DA642 /* UTObjectNotation.swift */,
				0539FF3C1FF68E970063BE88 /* UTJSONFile.swift */,
				0530517B202E760E00920DAE /* UTJSONMatcher.swift */,
				058980871FEBF251001DA642 /* UTPropertyList.swift */,
				058980851FEBF251001DA642 /* UTShell.swift */,
				0589808B1FEBF251001DA642 /* UTStack.swift */,
				0589808F1FEBF251001DA642 /* UTState.swift */,
				058980841FEBF251001DA642 /* UTStream.swift */,
				0589808E1FEBF251001DA642 /* UTText.swift */,
				0589807D1FEBF250001DA642 /* UTToken.swift */,
				058980901FEBF251001DA642 /* UTTristate.swift */,
				0589808D1FEBF251001DA642 /* UTValue.swift */,
				058980811FEBF250001DA642 /* UTValueTable.swift */,
				058980761FEBF121001DA642 /* main.swift */,
			);
			name = UnitTest;
			path = ../UnitTest/UnitTest;
			sourceTree = SOURCE_ROOT;
		};
		059473371E9E4E1C003582EB /* ObjectNotation */ = {
			isa = PBXGroup;
			children = (
				05B115A62031C08A00A1ED5E /* CNJSONObject.swift */,
				058BA6152003A842006A10C0 /* CNJSONUtil.swift */,
				05A4583E202DD34500941E72 /* CNJSONVisitor.swift */,
				05A45840202DEED300941E72 /* CNJSONMatcher.swift */,
				05DD7C1F20304A500041F5A2 /* CNJSONGrep.swift */,
				051C21631E7C3F2900A629DB /* CNObjectNotation.swift */,
				054EED301E7FD58A003C1F57 /* CNObjectCoder.swift */,
			);
			name = ObjectNotation;
			sourceTree = "<group>";
		};
		059D95FE1CF1DCE200006FC9 /* List */ = {
			isa = PBXGroup;
			children = (
				05377BD61CF8B5E80083E05C /* CNList.swift */,
				05377BD41CF8A7300083E05C /* CNListItem.swift */,
				059206571D6161BE008CE72E /* CNListItemPoll.swift */,
				058203F01CF7527C006BCEDF /* CNOrderedList.swift */,
			);
			name = List;
			sourceTree = "<group>";
		};
		05AD3A181D67D72F00B033EF /* Data */ = {
			isa = PBXGroup;
			children = (
				05658E2C1F0AA8C8002FF2B7 /* CNStack.swift */,
				05BD1B3F1EC35C1000B32E1C /* CNText.swift */,
				05C90E821F4DEDD400C996D9 /* CNStringStream.swift */,
				05971ECF1FAE056F00F7CF47 /* CNArrayStream.swift */,
				0503ADAE205D42510017ACEA /* CNTokenStream.swift */,
				05AD3A191D67D75700B033EF /* CNNumber.swift */,
				05B7E1301D81B89A005775DD /* CNMath.swift */,
				054EED321E7FED27003C1F57 /* CNCharacter.swift */,
			);
			name = Data;
			sourceTree = "<group>";
		};
		05B9E9CB1F2648380098A060 /* Thread */ = {
			isa = PBXGroup;
			children = (
				05B9E9CC1F26485C0098A060 /* CNThread.swift */,
			);
			name = Thread;
			sourceTree = "<group>";
		};
		05C15D9C1E9FC884008093C5 /* Parser */ = {
			isa = PBXGroup;
			children = (
				05C15D9D1E9FC8C4008093C5 /* CNParser.swift */,
				0521AF591E82A1F000E25D02 /* CNToken.swift */,
				05C7AE0A1EA09BC600BEF71D /* CNReservedWord.swift */,
				050EA5481EE35F5600961900 /* CNPathExpression.swift */,
				05999873205026DD00F5CD2A /* CNStringUtil.swift */,
			);
			name = Parser;
			sourceTree = "<group>";
		};
		05C1B8651F42C6920089A554 /* Shell */ = {
			isa = PBXGroup;
			children = (
				05C1B8661F42C6EE0089A554 /* CNShell.swift */,
			);
			name = Shell;
			sourceTree = "<group>";
		};
		05D553841C49D96D0045B472 /* Terminal */ = {
			isa = PBXGroup;
			children = (
				057FBF8D200DD6FF002CEF61 /* CNColor.swift */,
				05AF23512012E8E800682DD7 /* CNKey.swift */,
				05D553851C49D9890045B472 /* CNConsole.swift */,
				055FBAC9200A4029002161A7 /* CNCurses.swift */,
				0522ED3C1FAB708C00D6B24D /* CNConnection.swift */,
				05D2774520090AEC0008FA6D /* CNReadLine.swift */,
				05C08D82203B1CC300685938 /* CNEditLine.swift */,
				05C08D7E203B1AD700685938 /* CNEditLineCore.h */,
				05C08D7F203B1AD700685938 /* CNEditLineCore.m */,
			);
			name = Terminal;
			sourceTree = "<group>";
		};
		05EE15C31F1112DC0025FF6B /* Object */ = {
			isa = PBXGroup;
			children = (
				05AA59E21ED886060028E1D9 /* CNVisitor.swift */,
				05EE15BD1F104BFB0025FF6B /* CNObject.swift */,
				05EE15BB1F104BF10025FF6B /* CNObjectReference.swift */,
			);
			name = Object;
			sourceTree = "<group>";
		};
		05EF66001C40AB370019B4BB /* Error */ = {
			isa = PBXGroup;
			children = (
				05EF66011C40AB470019B4BB /* CNErrorExtension.swift */,
				05FEDEFA2082FB7F00DAA303 /* CNExitCode.swift */,
			);
			name = Error;
			sourceTree = "<group>";
		};
		05F1F0881E67360800792828 /* Value */ = {
			isa = PBXGroup;
			children = (
				05F1F0891E67366600792828 /* CNValue.swift */,
				052C98C91F483A2B00658DF4 /* CNValueUtil.swift */,
				054323FF1EDA3DE4006BF839 /* CNValueTable.swift */,
			);
			name = Value;
			sourceTree = "<group>";
		};
/* End PBXGroup section */

/* Begin PBXHeadersBuildPhase section */
		057A42A71C3D6BB7006A48E6 /* Headers */ = {
			isa = PBXHeadersBuildPhase;
			buildActionMask = 2147483647;
			files = (
				05067D9C203DD0D20025A616 /* CNEditLineCore.h in Headers */,
				057A42AE1C3D6BB7006A48E6 /* Canary.h in Headers */,
			);
			runOnlyForDeploymentPostprocessing = 0;
		};
/* End PBXHeadersBuildPhase section */

/* Begin PBXLegacyTarget section */
		0539FF3F1FF6964D0063BE88 /* TestExec */ = {
			isa = PBXLegacyTarget;
			buildArgumentsString = "-f ../UnitTest/unit_test.mk";
			buildConfigurationList = 0539FF401FF6964D0063BE88 /* Build configuration list for PBXLegacyTarget "TestExec" */;
			buildPhases = (
			);
			buildToolPath = /usr/bin/make;
			buildWorkingDirectory = "";
			dependencies = (
				0539FF441FF696550063BE88 /* PBXTargetDependency */,
			);
			name = TestExec;
			passBuildSettingsInEnvironment = 1;
			productName = TestExec;
		};
		05CC078F1C3D738800EF188D /* Install */ = {
			isa = PBXLegacyTarget;
			buildArgumentsString = "-f ../Script/install_osx.mk";
			buildConfigurationList = 05CC07901C3D738800EF188D /* Build configuration list for PBXLegacyTarget "Install" */;
			buildPhases = (
			);
			buildToolPath = /usr/bin/make;
			buildWorkingDirectory = "";
			dependencies = (
				05CC07941C3D739100EF188D /* PBXTargetDependency */,
			);
			name = Install;
			passBuildSettingsInEnvironment = 1;
			productName = Install;
		};
/* End PBXLegacyTarget section */

/* Begin PBXNativeTarget section */
		057A42A91C3D6BB7006A48E6 /* Canary */ = {
			isa = PBXNativeTarget;
			buildConfigurationList = 057A42B21C3D6BB7006A48E6 /* Build configuration list for PBXNativeTarget "Canary" */;
			buildPhases = (
				057A42A51C3D6BB7006A48E6 /* Sources */,
				057A42A61C3D6BB7006A48E6 /* Frameworks */,
				057A42A71C3D6BB7006A48E6 /* Headers */,
				057A42A81C3D6BB7006A48E6 /* Resources */,
			);
			buildRules = (
			);
			dependencies = (
			);
			name = Canary;
			productName = Canary;
			productReference = 057A42AA1C3D6BB7006A48E6 /* Canary.framework */;
			productType = "com.apple.product-type.framework";
		};
		058980611FEBEE9D001DA642 /* UnitTestBundle */ = {
			isa = PBXNativeTarget;
			buildConfigurationList = 058980651FEBEE9D001DA642 /* Build configuration list for PBXNativeTarget "UnitTestBundle" */;
			buildPhases = (
				0589805E1FEBEE9D001DA642 /* Sources */,
				0589805F1FEBEE9D001DA642 /* Frameworks */,
				058980601FEBEE9D001DA642 /* Resources */,
				0589806C1FEBEED7001DA642 /* CopyFiles */,
			);
			buildRules = (
			);
			dependencies = (
				058980691FEBEEA8001DA642 /* PBXTargetDependency */,
			);
			name = UnitTestBundle;
			productName = UnitTestBundle;
			productReference = 058980621FEBEE9D001DA642 /* UnitTest.bundle */;
			productType = "com.apple.product-type.bundle";
		};
		058980731FEBF121001DA642 /* UnitTest */ = {
			isa = PBXNativeTarget;
			buildConfigurationList = 058980781FEBF121001DA642 /* Build configuration list for PBXNativeTarget "UnitTest" */;
			buildPhases = (
				058980701FEBF121001DA642 /* Sources */,
				058980711FEBF121001DA642 /* Frameworks */,
				058980721FEBF121001DA642 /* CopyFiles */,
			);
			buildRules = (
			);
			dependencies = (
				0589807C1FEBF161001DA642 /* PBXTargetDependency */,
			);
			name = UnitTest;
			productName = UnitTest;
			productReference = 058980741FEBF121001DA642 /* UnitTest */;
			productType = "com.apple.product-type.tool";
		};
/* End PBXNativeTarget section */

/* Begin PBXProject section */
		057A42A11C3D6BB7006A48E6 /* Project object */ = {
			isa = PBXProject;
			attributes = {
				LastSwiftUpdateCheck = 0920;
				LastUpgradeCheck = 0920;
				ORGANIZATIONNAME = "Steel Wheels Project";
				TargetAttributes = {
					0539FF3F1FF6964D0063BE88 = {
						CreatedOnToolsVersion = 9.2;
						DevelopmentTeam = TR2DNF3P93;
						ProvisioningStyle = Automatic;
					};
					057A42A91C3D6BB7006A48E6 = {
						CreatedOnToolsVersion = 7.2;
						DevelopmentTeam = TR2DNF3P93;
						LastSwiftMigration = 0920;
					};
					058980611FEBEE9D001DA642 = {
						CreatedOnToolsVersion = 9.2;
						DevelopmentTeam = TR2DNF3P93;
						ProvisioningStyle = Automatic;
					};
					058980731FEBF121001DA642 = {
						CreatedOnToolsVersion = 9.2;
						DevelopmentTeam = TR2DNF3P93;
						ProvisioningStyle = Automatic;
					};
					05CC078F1C3D738800EF188D = {
						CreatedOnToolsVersion = 7.2;
						DevelopmentTeam = TR2DNF3P93;
					};
				};
			};
			buildConfigurationList = 057A42A41C3D6BB7006A48E6 /* Build configuration list for PBXProject "Canary" */;
			compatibilityVersion = "Xcode 3.2";
			developmentRegion = English;
			hasScannedForEncodings = 0;
			knownRegions = (
				en,
				Base,
			);
			mainGroup = 057A42A01C3D6BB7006A48E6;
			productRefGroup = 057A42AB1C3D6BB7006A48E6 /* Products */;
			projectDirPath = "";
			projectRoot = "";
			targets = (
				057A42A91C3D6BB7006A48E6 /* Canary */,
				05CC078F1C3D738800EF188D /* Install */,
				058980611FEBEE9D001DA642 /* UnitTestBundle */,
				058980731FEBF121001DA642 /* UnitTest */,
				0539FF3F1FF6964D0063BE88 /* TestExec */,
			);
		};
/* End PBXProject section */

/* Begin PBXResourcesBuildPhase section */
		057A42A81C3D6BB7006A48E6 /* Resources */ = {
			isa = PBXResourcesBuildPhase;
			buildActionMask = 2147483647;
			files = (
			);
			runOnlyForDeploymentPostprocessing = 0;
		};
		058980601FEBEE9D001DA642 /* Resources */ = {
			isa = PBXResourcesBuildPhase;
			buildActionMask = 2147483647;
			files = (
			);
			runOnlyForDeploymentPostprocessing = 0;
		};
/* End PBXResourcesBuildPhase section */

/* Begin PBXSourcesBuildPhase section */
		057A42A51C3D6BB7006A48E6 /* Sources */ = {
			isa = PBXSourcesBuildPhase;
			buildActionMask = 2147483647;
			files = (
				058BA6162003A843006A10C0 /* CNJSONUtil.swift in Sources */,
				059206581D6161BE008CE72E /* CNListItemPoll.swift in Sources */,
				058550A420255A0300988C97 /* CNAuthorize.swift in Sources */,
				05B7E1311D81B89A005775DD /* CNMath.swift in Sources */,
				051C21641E7C3F2900A629DB /* CNObjectNotation.swift in Sources */,
				0522756D1FDC21F400A33CD8 /* CNPropertyList.swift in Sources */,
				054EED311E7FD58A003C1F57 /* CNObjectCoder.swift in Sources */,
				05C7AE0B1EA09BC600BEF71D /* CNReservedWord.swift in Sources */,
				058203F11CF7527C006BCEDF /* CNOrderedList.swift in Sources */,
				05AF23522012E8E800682DD7 /* CNKey.swift in Sources */,
				05318A6B1C74D25B00BAA730 /* CNState.swift in Sources */,
				05DD7C2020304A500041F5A2 /* CNJSONGrep.swift in Sources */,
				05EE15C21F10E36F0025FF6B /* CNGraphDumper.swift in Sources */,
				05318A6D1C74D2B800BAA730 /* CNCombinedState.swift in Sources */,
				05A45841202DEED300941E72 /* CNJSONMatcher.swift in Sources */,
				05EF66021C40AB470019B4BB /* CNErrorExtension.swift in Sources */,
				05971ED01FAE056F00F7CF47 /* CNArrayStream.swift in Sources */,
				054324001EDA3DE4006BF839 /* CNValueTable.swift in Sources */,
				053AFE821C3EB4DD00F64198 /* CNFileURL.swift in Sources */,
				05377BD71CF8B5E80083E05C /* CNList.swift in Sources */,
				05B9E9CD1F26485C0098A060 /* CNThread.swift in Sources */,
				05AA59E31ED886060028E1D9 /* CNVisitor.swift in Sources */,
				05FEDEFB2082FB7F00DAA303 /* CNExitCode.swift in Sources */,
				052C98CA1F483A2B00658DF4 /* CNValueUtil.swift in Sources */,
				05EE15BE1F104BFB0025FF6B /* CNObject.swift in Sources */,
				054BD3A31C4B9BBC009713BB /* CNFilePath.swift in Sources */,
				05C1B8671F42C6EE0089A554 /* CNShell.swift in Sources */,
				057FBF8E200DD6FF002CEF61 /* CNColor.swift in Sources */,
				05377BD51CF8A7300083E05C /* CNListItem.swift in Sources */,
				05BD1B401EC35C1000B32E1C /* CNText.swift in Sources */,
				05F1F08A1E67366600792828 /* CNValue.swift in Sources */,
				05C90E831F4DEDD400C996D9 /* CNStringStream.swift in Sources */,
				05B115A72031C08A00A1ED5E /* CNJSONObject.swift in Sources */,
				05D2774620090AEC0008FA6D /* CNReadLine.swift in Sources */,
				05C15D9E1E9FC8C4008093C5 /* CNParser.swift in Sources */,
				052330F61C7CB00000585F94 /* CNStateObserver.swift in Sources */,
				05AC2C172028A25E0007063B /* CNAddressBook.swift in Sources */,
				058290951D040BE600255FC2 /* CNTristate.swift in Sources */,
				0544A4CE205537BF0018CBBE /* CNFileManager.swift in Sources */,
				052C98C41F47DAFB00658DF4 /* CNCommandLine.swift in Sources */,
				05C08D81203B1AD700685938 /* CNEditLineCore.m in Sources */,
				055FBACA200A4029002161A7 /* CNCurses.swift in Sources */,
				05D553861C49D9890045B472 /* CNConsole.swift in Sources */,
				05AD3A1A1D67D75700B033EF /* CNNumber.swift in Sources */,
				0522ED3D1FAB708C00D6B24D /* CNConnection.swift in Sources */,
				05999874205026DD00F5CD2A /* CNStringUtil.swift in Sources */,
				053807B41C441E6B0021BC51 /* CNBookmark.swift in Sources */,
				05C08D83203B1CC300685938 /* CNEditLine.swift in Sources */,
				0509C3A11ED10446009D8A6A /* CNFile.swift in Sources */,
				051850751F5BC9BE00906BF4 /* CNAccess.swift in Sources */,
				050EA5491EE35F5600961900 /* CNPathExpression.swift in Sources */,
				0503ADAF205D42510017ACEA /* CNTokenStream.swift in Sources */,
				05658E2D1F0AA8C8002FF2B7 /* CNStack.swift in Sources */,
				05A4583F202DD34500941E72 /* CNJSONVisitor.swift in Sources */,
				05D21FA91C49CAC90078C6DE /* CNJSONFile.swift in Sources */,
				0521AF5A1E82A1F000E25D02 /* CNToken.swift in Sources */,
				052201801F1992CF00009C37 /* CNNodeTable.swift in Sources */,
				057A721C1F0FDC0600F1243E /* CNGraph.swift in Sources */,
				05EE15BC1F104BF10025FF6B /* CNObjectReference.swift in Sources */,
				0525C944204C43600058CCBF /* CNPipe.swift in Sources */,
				057A721A1F0FDBA800F1243E /* CNNode.swift in Sources */,
				054EED331E7FED27003C1F57 /* CNCharacter.swift in Sources */,
				057A721E1F0FDC3700F1243E /* CNEdge.swift in Sources */,
			);
			runOnlyForDeploymentPostprocessing = 0;
		};
		0589805E1FEBEE9D001DA642 /* Sources */ = {
			isa = PBXSourcesBuildPhase;
			buildActionMask = 2147483647;
			files = (
			);
			runOnlyForDeploymentPostprocessing = 0;
		};
		058980701FEBF121001DA642 /* Sources */ = {
			isa = PBXSourcesBuildPhase;
			buildActionMask = 2147483647;
			files = (
				0589809E1FEBF251001DA642 /* UTCommandLine.swift in Sources */,
				058980A51FEBF251001DA642 /* UTTristate.swift in Sources */,
				058980981FEBF251001DA642 /* UTFile.swift in Sources */,
				058980A41FEBF251001DA642 /* UTState.swift in Sources */,
				0589809F1FEBF251001DA642 /* UTCharacter.swift in Sources */,
				0589809B1FEBF251001DA642 /* UTGraph.swift in Sources */,
				058980951FEBF251001DA642 /* UTNumber.swift in Sources */,
				058980921FEBF251001DA642 /* UTToken.swift in Sources */,
				058980771FEBF121001DA642 /* main.swift in Sources */,
				059998772050328E00F5CD2A /* UTString.swift in Sources */,
				058980A01FEBF251001DA642 /* UTStack.swift in Sources */,
				058980941FEBF251001DA642 /* UTFileURL.swift in Sources */,
				0589809A1FEBF251001DA642 /* UTShell.swift in Sources */,
				058980931FEBF251001DA642 /* UTMath.swift in Sources */,
				0537376B203C79D80003CAC3 /* UTEditLine.swift in Sources */,
				058980991FEBF251001DA642 /* UTStream.swift in Sources */,
				0539FF3D1FF68E970063BE88 /* UTJSONFile.swift in Sources */,
				059FAF9D204D990100088A45 /* UTPipe.swift in Sources */,
				0544A4D220554B720018CBBE /* UTFileManager.swift in Sources */,
				0589809C1FEBF251001DA642 /* UTPropertyList.swift in Sources */,
				058980A11FEBF251001DA642 /* UTObjectNotation.swift in Sources */,
				058980961FEBF251001DA642 /* UTValueTable.swift in Sources */,
				058980971FEBF251001DA642 /* UTConsole.swift in Sources */,
				058980A21FEBF251001DA642 /* UTValue.swift in Sources */,
				0589809D1FEBF251001DA642 /* UTObjectCoder.swift in Sources */,
				0530517C202E760E00920DAE /* UTJSONMatcher.swift in Sources */,
				058980A61FEBF251001DA642 /* UTList.swift in Sources */,
				058980A31FEBF251001DA642 /* UTText.swift in Sources */,
			);
			runOnlyForDeploymentPostprocessing = 0;
		};
/* End PBXSourcesBuildPhase section */

/* Begin PBXTargetDependency section */
		0539FF441FF696550063BE88 /* PBXTargetDependency */ = {
			isa = PBXTargetDependency;
			target = 058980731FEBF121001DA642 /* UnitTest */;
			targetProxy = 0539FF431FF696550063BE88 /* PBXContainerItemProxy */;
		};
		058980691FEBEEA8001DA642 /* PBXTargetDependency */ = {
			isa = PBXTargetDependency;
			target = 05CC078F1C3D738800EF188D /* Install */;
			targetProxy = 058980681FEBEEA8001DA642 /* PBXContainerItemProxy */;
		};
		0589807C1FEBF161001DA642 /* PBXTargetDependency */ = {
			isa = PBXTargetDependency;
			target = 058980611FEBEE9D001DA642 /* UnitTestBundle */;
			targetProxy = 0589807B1FEBF161001DA642 /* PBXContainerItemProxy */;
		};
		05CC07941C3D739100EF188D /* PBXTargetDependency */ = {
			isa = PBXTargetDependency;
			target = 057A42A91C3D6BB7006A48E6 /* Canary */;
			targetProxy = 05CC07931C3D739100EF188D /* PBXContainerItemProxy */;
		};
/* End PBXTargetDependency section */

/* Begin XCBuildConfiguration section */
		0539FF411FF6964D0063BE88 /* Debug */ = {
			isa = XCBuildConfiguration;
			buildSettings = {
				CLANG_ANALYZER_NONNULL = YES;
				CLANG_ANALYZER_NUMBER_OBJECT_CONVERSION = YES_AGGRESSIVE;
				CLANG_CXX_LANGUAGE_STANDARD = "gnu++14";
				CLANG_WARN_DOCUMENTATION_COMMENTS = YES;
				CLANG_WARN_UNGUARDED_AVAILABILITY = YES_AGGRESSIVE;
				CODE_SIGN_STYLE = Automatic;
				DEBUGGING_SYMBOLS = YES;
				DEBUG_INFORMATION_FORMAT = dwarf;
				DEVELOPMENT_TEAM = TR2DNF3P93;
				GCC_C_LANGUAGE_STANDARD = gnu11;
				GCC_GENERATE_DEBUGGING_SYMBOLS = YES;
				GCC_OPTIMIZATION_LEVEL = 0;
				OTHER_CFLAGS = "";
				OTHER_LDFLAGS = "";
				PRODUCT_NAME = "$(TARGET_NAME)";
			};
			name = Debug;
		};
		0539FF421FF6964D0063BE88 /* Release */ = {
			isa = XCBuildConfiguration;
			buildSettings = {
				CLANG_ANALYZER_NONNULL = YES;
				CLANG_ANALYZER_NUMBER_OBJECT_CONVERSION = YES_AGGRESSIVE;
				CLANG_CXX_LANGUAGE_STANDARD = "gnu++14";
				CLANG_WARN_DOCUMENTATION_COMMENTS = YES;
				CLANG_WARN_UNGUARDED_AVAILABILITY = YES_AGGRESSIVE;
				CODE_SIGN_STYLE = Automatic;
				DEBUG_INFORMATION_FORMAT = "dwarf-with-dsym";
				DEVELOPMENT_TEAM = TR2DNF3P93;
				GCC_C_LANGUAGE_STANDARD = gnu11;
				OTHER_CFLAGS = "";
				OTHER_LDFLAGS = "";
				PRODUCT_NAME = "$(TARGET_NAME)";
			};
			name = Release;
		};
		057A42B01C3D6BB7006A48E6 /* Debug */ = {
			isa = XCBuildConfiguration;
			buildSettings = {
				ALWAYS_SEARCH_USER_PATHS = NO;
				CLANG_CXX_LANGUAGE_STANDARD = "gnu++0x";
				CLANG_CXX_LIBRARY = "libc++";
				CLANG_ENABLE_MODULES = YES;
				CLANG_ENABLE_OBJC_ARC = YES;
				CLANG_WARN_BLOCK_CAPTURE_AUTORELEASING = YES;
				CLANG_WARN_BOOL_CONVERSION = YES;
				CLANG_WARN_COMMA = YES;
				CLANG_WARN_CONSTANT_CONVERSION = YES;
				CLANG_WARN_DIRECT_OBJC_ISA_USAGE = YES_ERROR;
				CLANG_WARN_EMPTY_BODY = YES;
				CLANG_WARN_ENUM_CONVERSION = YES;
				CLANG_WARN_INFINITE_RECURSION = YES;
				CLANG_WARN_INT_CONVERSION = YES;
				CLANG_WARN_NON_LITERAL_NULL_CONVERSION = YES;
				CLANG_WARN_OBJC_LITERAL_CONVERSION = YES;
				CLANG_WARN_OBJC_ROOT_CLASS = YES_ERROR;
				CLANG_WARN_RANGE_LOOP_ANALYSIS = YES;
				CLANG_WARN_STRICT_PROTOTYPES = YES;
				CLANG_WARN_SUSPICIOUS_MOVE = YES;
				CLANG_WARN_UNREACHABLE_CODE = YES;
				CLANG_WARN__DUPLICATE_METHOD_MATCH = YES;
				CODE_SIGN_IDENTITY = "";
				COPY_PHASE_STRIP = NO;
				CURRENT_PROJECT_VERSION = 1;
				DEBUG_INFORMATION_FORMAT = dwarf;
				DEVELOPMENT_TEAM = "";
				ENABLE_STRICT_OBJC_MSGSEND = YES;
				ENABLE_TESTABILITY = YES;
				GCC_C_LANGUAGE_STANDARD = gnu99;
				GCC_DYNAMIC_NO_PIC = NO;
				GCC_NO_COMMON_BLOCKS = YES;
				GCC_OPTIMIZATION_LEVEL = 2;
				GCC_PREPROCESSOR_DEFINITIONS = (
					"DEBUG=1",
					"$(inherited)",
				);
				GCC_WARN_64_TO_32_BIT_CONVERSION = YES;
				GCC_WARN_ABOUT_RETURN_TYPE = YES_ERROR;
				GCC_WARN_UNDECLARED_SELECTOR = YES;
				GCC_WARN_UNINITIALIZED_AUTOS = YES_AGGRESSIVE;
				GCC_WARN_UNUSED_FUNCTION = YES;
				GCC_WARN_UNUSED_VARIABLE = YES;
				MACOSX_DEPLOYMENT_TARGET = 10.11;
				MTL_ENABLE_DEBUG_INFO = YES;
				ONLY_ACTIVE_ARCH = YES;
				SDKROOT = macosx;
				SWIFT_OPTIMIZATION_LEVEL = "-O";
				SWIFT_VERSION = 3.0;
				VERSIONING_SYSTEM = "apple-generic";
				VERSION_INFO_PREFIX = "";
			};
			name = Debug;
		};
		057A42B11C3D6BB7006A48E6 /* Release */ = {
			isa = XCBuildConfiguration;
			buildSettings = {
				ALWAYS_SEARCH_USER_PATHS = NO;
				CLANG_CXX_LANGUAGE_STANDARD = "gnu++0x";
				CLANG_CXX_LIBRARY = "libc++";
				CLANG_ENABLE_MODULES = YES;
				CLANG_ENABLE_OBJC_ARC = YES;
				CLANG_WARN_BLOCK_CAPTURE_AUTORELEASING = YES;
				CLANG_WARN_BOOL_CONVERSION = YES;
				CLANG_WARN_COMMA = YES;
				CLANG_WARN_CONSTANT_CONVERSION = YES;
				CLANG_WARN_DIRECT_OBJC_ISA_USAGE = YES_ERROR;
				CLANG_WARN_EMPTY_BODY = YES;
				CLANG_WARN_ENUM_CONVERSION = YES;
				CLANG_WARN_INFINITE_RECURSION = YES;
				CLANG_WARN_INT_CONVERSION = YES;
				CLANG_WARN_NON_LITERAL_NULL_CONVERSION = YES;
				CLANG_WARN_OBJC_LITERAL_CONVERSION = YES;
				CLANG_WARN_OBJC_ROOT_CLASS = YES_ERROR;
				CLANG_WARN_RANGE_LOOP_ANALYSIS = YES;
				CLANG_WARN_STRICT_PROTOTYPES = YES;
				CLANG_WARN_SUSPICIOUS_MOVE = YES;
				CLANG_WARN_UNREACHABLE_CODE = YES;
				CLANG_WARN__DUPLICATE_METHOD_MATCH = YES;
				CODE_SIGN_IDENTITY = "";
				COPY_PHASE_STRIP = NO;
				CURRENT_PROJECT_VERSION = 1;
				DEBUG_INFORMATION_FORMAT = "dwarf-with-dsym";
				DEVELOPMENT_TEAM = "";
				ENABLE_NS_ASSERTIONS = NO;
				ENABLE_STRICT_OBJC_MSGSEND = YES;
				GCC_C_LANGUAGE_STANDARD = gnu99;
				GCC_NO_COMMON_BLOCKS = YES;
				GCC_OPTIMIZATION_LEVEL = 2;
				GCC_WARN_64_TO_32_BIT_CONVERSION = YES;
				GCC_WARN_ABOUT_RETURN_TYPE = YES_ERROR;
				GCC_WARN_UNDECLARED_SELECTOR = YES;
				GCC_WARN_UNINITIALIZED_AUTOS = YES_AGGRESSIVE;
				GCC_WARN_UNUSED_FUNCTION = YES;
				GCC_WARN_UNUSED_VARIABLE = YES;
				MACOSX_DEPLOYMENT_TARGET = 10.11;
				MTL_ENABLE_DEBUG_INFO = NO;
				SDKROOT = macosx;
				SWIFT_OPTIMIZATION_LEVEL = "-Owholemodule";
				SWIFT_VERSION = 3.0;
				VERSIONING_SYSTEM = "apple-generic";
				VERSION_INFO_PREFIX = "";
			};
			name = Release;
		};
		057A42B31C3D6BB7006A48E6 /* Debug */ = {
			isa = XCBuildConfiguration;
			buildSettings = {
				ALWAYS_EMBED_SWIFT_STANDARD_LIBRARIES = NO;
				CLANG_ENABLE_MODULES = YES;
				CODE_SIGN_IDENTITY = "";
				COMBINE_HIDPI_IMAGES = YES;
				DEFINES_MODULE = NO;
				DEVELOPMENT_TEAM = "";
				DYLIB_COMPATIBILITY_VERSION = 1;
				DYLIB_CURRENT_VERSION = 1;
				DYLIB_INSTALL_NAME_BASE = "@rpath";
				FRAMEWORK_SEARCH_PATHS = (
					"$(inherited)",
					"$(USER_LIBRARY_DIR)/Frameworks",
				);
				FRAMEWORK_VERSION = A;
				GCC_OPTIMIZATION_LEVEL = 2;
				GCC_TREAT_WARNINGS_AS_ERRORS = YES;
				HEADER_SEARCH_PATHS = "";
				INFOPLIST_FILE = Info.plist;
				INSTALL_PATH = "$(HOME)/Library/Frameworks";
				LD_RUNPATH_SEARCH_PATHS = "$(inherited) @executable_path/../Frameworks @loader_path/Frameworks";
				MODULEMAP_FILE = "";
				MODULEMAP_PRIVATE_FILE = module.modulemap;
				OTHER_LDFLAGS = (
					"-ledit",
					"-lncurses",
				);
				PRODUCT_BUNDLE_IDENTIFIER = "steel-wheels-project.Canary";
				PRODUCT_NAME = "$(TARGET_NAME)";
				SKIP_INSTALL = NO;
				SWIFT_INCLUDE_PATHS = "$(SRCROOT)";
				SWIFT_INSTALL_OBJC_HEADER = NO;
				SWIFT_OBJC_BRIDGING_HEADER = "";
				SWIFT_OPTIMIZATION_LEVEL = "-Owholemodule";
				SWIFT_SWIFT3_OBJC_INFERENCE = On;
				SWIFT_VERSION = 4.0;
			};
			name = Debug;
		};
		057A42B41C3D6BB7006A48E6 /* Release */ = {
			isa = XCBuildConfiguration;
			buildSettings = {
				ALWAYS_EMBED_SWIFT_STANDARD_LIBRARIES = NO;
				CLANG_ENABLE_MODULES = YES;
				CODE_SIGN_IDENTITY = "";
				COMBINE_HIDPI_IMAGES = YES;
				DEFINES_MODULE = NO;
				DEVELOPMENT_TEAM = "";
				DYLIB_COMPATIBILITY_VERSION = 1;
				DYLIB_CURRENT_VERSION = 1;
				DYLIB_INSTALL_NAME_BASE = "@rpath";
				FRAMEWORK_SEARCH_PATHS = (
					"$(inherited)",
					"$(USER_LIBRARY_DIR)/Frameworks",
				);
				FRAMEWORK_VERSION = A;
				GCC_OPTIMIZATION_LEVEL = 2;
				GCC_TREAT_WARNINGS_AS_ERRORS = YES;
				HEADER_SEARCH_PATHS = "";
				INFOPLIST_FILE = Info.plist;
				INSTALL_PATH = "$(HOME)/Library/Frameworks";
				LD_RUNPATH_SEARCH_PATHS = "$(inherited) @executable_path/../Frameworks @loader_path/Frameworks";
				MODULEMAP_FILE = "";
				MODULEMAP_PRIVATE_FILE = module.modulemap;
				OTHER_LDFLAGS = (
					"-ledit",
					"-lncurses",
				);
				PRODUCT_BUNDLE_IDENTIFIER = "steel-wheels-project.Canary";
				PRODUCT_NAME = "$(TARGET_NAME)";
				SKIP_INSTALL = NO;
				SWIFT_INCLUDE_PATHS = "$(SRCROOT)";
				SWIFT_INSTALL_OBJC_HEADER = NO;
				SWIFT_OBJC_BRIDGING_HEADER = "";
				SWIFT_OPTIMIZATION_LEVEL = "-Owholemodule";
				SWIFT_SWIFT3_OBJC_INFERENCE = On;
				SWIFT_VERSION = 4.0;
			};
			name = Release;
		};
		058980661FEBEE9D001DA642 /* Debug */ = {
			isa = XCBuildConfiguration;
			buildSettings = {
				ALWAYS_EMBED_SWIFT_STANDARD_LIBRARIES = YES;
				CLANG_ANALYZER_NONNULL = YES;
				CLANG_ANALYZER_NUMBER_OBJECT_CONVERSION = YES_AGGRESSIVE;
				CLANG_CXX_LANGUAGE_STANDARD = "gnu++14";
				CLANG_WARN_DOCUMENTATION_COMMENTS = YES;
				CLANG_WARN_UNGUARDED_AVAILABILITY = YES_AGGRESSIVE;
				CODE_SIGN_IDENTITY = "";
				CODE_SIGN_STYLE = Automatic;
				COMBINE_HIDPI_IMAGES = YES;
				DEVELOPMENT_TEAM = "";
				GCC_C_LANGUAGE_STANDARD = gnu11;
				GCC_OPTIMIZATION_LEVEL = 2;
				INFOPLIST_FILE = ../UnitTest/UnitTestBundle/Info.plist;
				INSTALL_PATH = "$(LOCAL_LIBRARY_DIR)/Bundles";
				MACOSX_DEPLOYMENT_TARGET = 10.13;
				PRODUCT_BUNDLE_IDENTIFIER = github.com.steelwheels.UnitTestBundle;
				PRODUCT_NAME = UnitTest;
				SKIP_INSTALL = YES;
				WRAPPER_EXTENSION = bundle;
			};
			name = Debug;
		};
		058980671FEBEE9D001DA642 /* Release */ = {
			isa = XCBuildConfiguration;
			buildSettings = {
				ALWAYS_EMBED_SWIFT_STANDARD_LIBRARIES = YES;
				CLANG_ANALYZER_NONNULL = YES;
				CLANG_ANALYZER_NUMBER_OBJECT_CONVERSION = YES_AGGRESSIVE;
				CLANG_CXX_LANGUAGE_STANDARD = "gnu++14";
				CLANG_WARN_DOCUMENTATION_COMMENTS = YES;
				CLANG_WARN_UNGUARDED_AVAILABILITY = YES_AGGRESSIVE;
				CODE_SIGN_IDENTITY = "";
				CODE_SIGN_STYLE = Automatic;
				COMBINE_HIDPI_IMAGES = YES;
				DEVELOPMENT_TEAM = "";
				GCC_C_LANGUAGE_STANDARD = gnu11;
				GCC_OPTIMIZATION_LEVEL = 2;
				INFOPLIST_FILE = ../UnitTest/UnitTestBundle/Info.plist;
				INSTALL_PATH = "$(LOCAL_LIBRARY_DIR)/Bundles";
				MACOSX_DEPLOYMENT_TARGET = 10.13;
				PRODUCT_BUNDLE_IDENTIFIER = github.com.steelwheels.UnitTestBundle;
				PRODUCT_NAME = UnitTest;
				SKIP_INSTALL = YES;
				WRAPPER_EXTENSION = bundle;
			};
			name = Release;
		};
		058980791FEBF121001DA642 /* Debug */ = {
			isa = XCBuildConfiguration;
			buildSettings = {
				CLANG_ANALYZER_NONNULL = YES;
				CLANG_ANALYZER_NUMBER_OBJECT_CONVERSION = YES_AGGRESSIVE;
				CLANG_CXX_LANGUAGE_STANDARD = "gnu++14";
				CLANG_WARN_DOCUMENTATION_COMMENTS = YES;
				CLANG_WARN_UNGUARDED_AVAILABILITY = YES_AGGRESSIVE;
				CODE_SIGN_ENTITLEMENTS = "";
				CODE_SIGN_IDENTITY = "";
				CODE_SIGN_STYLE = Automatic;
				DEVELOPMENT_TEAM = "";
				FRAMEWORK_SEARCH_PATHS = "$(TARGET_BUILD_DIR)/$(PRODUCT_NAME).bundle/Contents/Frameworks";
				GCC_C_LANGUAGE_STANDARD = gnu11;
				GCC_OPTIMIZATION_LEVEL = 2;
				LD_RUNPATH_SEARCH_PATHS = "@executable_path/$(PRODUCT_NAME).bundle/Contents/Frameworks";
				LIBRARY_SEARCH_PATHS = "$(TARGET_BUILD_DIR)/$(PRODUCT_NAME).bundle/Contents/Frameworks";
				MACOSX_DEPLOYMENT_TARGET = 10.13;
				OTHER_LDFLAGS = "-lncurses";
				PRODUCT_NAME = "$(TARGET_NAME)";
				SWIFT_ACTIVE_COMPILATION_CONDITIONS = DEBUG;
				SWIFT_OPTIMIZATION_LEVEL = "-O";
				SWIFT_VERSION = 4.0;
			};
			name = Debug;
		};
		0589807A1FEBF121001DA642 /* Release */ = {
			isa = XCBuildConfiguration;
			buildSettings = {
				CLANG_ANALYZER_NONNULL = YES;
				CLANG_ANALYZER_NUMBER_OBJECT_CONVERSION = YES_AGGRESSIVE;
				CLANG_CXX_LANGUAGE_STANDARD = "gnu++14";
				CLANG_WARN_DOCUMENTATION_COMMENTS = YES;
				CLANG_WARN_UNGUARDED_AVAILABILITY = YES_AGGRESSIVE;
				CODE_SIGN_ENTITLEMENTS = "";
				CODE_SIGN_IDENTITY = "";
				CODE_SIGN_STYLE = Automatic;
				DEVELOPMENT_TEAM = "";
				FRAMEWORK_SEARCH_PATHS = "$(TARGET_BUILD_DIR)/$(PRODUCT_NAME).bundle/Contents/Frameworks";
				GCC_C_LANGUAGE_STANDARD = gnu11;
				GCC_OPTIMIZATION_LEVEL = 2;
				LD_RUNPATH_SEARCH_PATHS = "@executable_path/$(PRODUCT_NAME).bundle/Contents/Frameworks";
				LIBRARY_SEARCH_PATHS = "$(TARGET_BUILD_DIR)/$(PRODUCT_NAME).bundle/Contents/Frameworks";
				MACOSX_DEPLOYMENT_TARGET = 10.13;
				OTHER_LDFLAGS = "-lncurses";
				PRODUCT_NAME = "$(TARGET_NAME)";
				SWIFT_VERSION = 4.0;
			};
			name = Release;
		};
		05CC07911C3D738800EF188D /* Debug */ = {
			isa = XCBuildConfiguration;
			buildSettings = {
				DEBUGGING_SYMBOLS = YES;
				DEBUG_INFORMATION_FORMAT = dwarf;
				GCC_GENERATE_DEBUGGING_SYMBOLS = YES;
				GCC_OPTIMIZATION_LEVEL = 0;
				OTHER_CFLAGS = "";
				OTHER_LDFLAGS = "";
				PRODUCT_NAME = "$(TARGET_NAME)";
			};
			name = Debug;
		};
		05CC07921C3D738800EF188D /* Release */ = {
			isa = XCBuildConfiguration;
			buildSettings = {
				DEBUG_INFORMATION_FORMAT = "dwarf-with-dsym";
				OTHER_CFLAGS = "";
				OTHER_LDFLAGS = "";
				PRODUCT_NAME = "$(TARGET_NAME)";
			};
			name = Release;
		};
/* End XCBuildConfiguration section */

/* Begin XCConfigurationList section */
		0539FF401FF6964D0063BE88 /* Build configuration list for PBXLegacyTarget "TestExec" */ = {
			isa = XCConfigurationList;
			buildConfigurations = (
				0539FF411FF6964D0063BE88 /* Debug */,
				0539FF421FF6964D0063BE88 /* Release */,
			);
			defaultConfigurationIsVisible = 0;
			defaultConfigurationName = Release;
		};
		057A42A41C3D6BB7006A48E6 /* Build configuration list for PBXProject "Canary" */ = {
			isa = XCConfigurationList;
			buildConfigurations = (
				057A42B01C3D6BB7006A48E6 /* Debug */,
				057A42B11C3D6BB7006A48E6 /* Release */,
			);
			defaultConfigurationIsVisible = 0;
			defaultConfigurationName = Release;
		};
		057A42B21C3D6BB7006A48E6 /* Build configuration list for PBXNativeTarget "Canary" */ = {
			isa = XCConfigurationList;
			buildConfigurations = (
				057A42B31C3D6BB7006A48E6 /* Debug */,
				057A42B41C3D6BB7006A48E6 /* Release */,
			);
			defaultConfigurationIsVisible = 0;
			defaultConfigurationName = Release;
		};
		058980651FEBEE9D001DA642 /* Build configuration list for PBXNativeTarget "UnitTestBundle" */ = {
			isa = XCConfigurationList;
			buildConfigurations = (
				058980661FEBEE9D001DA642 /* Debug */,
				058980671FEBEE9D001DA642 /* Release */,
			);
			defaultConfigurationIsVisible = 0;
			defaultConfigurationName = Release;
		};
		058980781FEBF121001DA642 /* Build configuration list for PBXNativeTarget "UnitTest" */ = {
			isa = XCConfigurationList;
			buildConfigurations = (
				058980791FEBF121001DA642 /* Debug */,
				0589807A1FEBF121001DA642 /* Release */,
			);
			defaultConfigurationIsVisible = 0;
			defaultConfigurationName = Release;
		};
		05CC07901C3D738800EF188D /* Build configuration list for PBXLegacyTarget "Install" */ = {
			isa = XCConfigurationList;
			buildConfigurations = (
				05CC07911C3D738800EF188D /* Debug */,
				05CC07921C3D738800EF188D /* Release */,
			);
			defaultConfigurationIsVisible = 0;
			defaultConfigurationName = Release;
		};
/* End XCConfigurationList section */
	};
	rootObject = 057A42A11C3D6BB7006A48E6 /* Project object */;
}
